// !$*UTF8*$!
{
	archiveVersion = 1;
	classes = {
	};
	objectVersion = 48;
	objects = {

/* Begin PBXBuildFile section */
		6060D08E2177C87C0089B52D /* Flippable.swift in Sources */ = {isa = PBXBuildFile; fileRef = 6060D08D2177C87C0089B52D /* Flippable.swift */; };
		6060D0982177D0950089B52D /* AJMMemoryGameTests.swift in Sources */ = {isa = PBXBuildFile; fileRef = 6060D0972177D0950089B52D /* AJMMemoryGameTests.swift */; };
		6060D0A02177D1660089B52D /* TestCell.swift in Sources */ = {isa = PBXBuildFile; fileRef = 6060D09F2177D1660089B52D /* TestCell.swift */; };
		6060D0AA2178DF100089B52D /* HelperViewController.swift in Sources */ = {isa = PBXBuildFile; fileRef = 6060D0A92178DF100089B52D /* HelperViewController.swift */; };
		608732DF2176B7860053D170 /* MemoryGame.swift in Sources */ = {isa = PBXBuildFile; fileRef = 608732DE2176B7860053D170 /* MemoryGame.swift */; };
		60E2FC4C20337D2900F3CBC6 /* AppDelegate.swift in Sources */ = {isa = PBXBuildFile; fileRef = 60E2FC4B20337D2900F3CBC6 /* AppDelegate.swift */; };
		60E2FC4E20337D2900F3CBC6 /* ViewController.swift in Sources */ = {isa = PBXBuildFile; fileRef = 60E2FC4D20337D2900F3CBC6 /* ViewController.swift */; };
		60E2FC5120337D2900F3CBC6 /* Main.storyboard in Resources */ = {isa = PBXBuildFile; fileRef = 60E2FC4F20337D2900F3CBC6 /* Main.storyboard */; };
		60E2FC5320337D2900F3CBC6 /* Assets.xcassets in Resources */ = {isa = PBXBuildFile; fileRef = 60E2FC5220337D2900F3CBC6 /* Assets.xcassets */; };
		60E2FC5620337D2900F3CBC6 /* LaunchScreen.storyboard in Resources */ = {isa = PBXBuildFile; fileRef = 60E2FC5420337D2900F3CBC6 /* LaunchScreen.storyboard */; };
		60E2FC5E2033828D00F3CBC6 /* DogCollectionViewCell.swift in Sources */ = {isa = PBXBuildFile; fileRef = 60E2FC5D2033828D00F3CBC6 /* DogCollectionViewCell.swift */; };
/* End PBXBuildFile section */

/* Begin PBXContainerItemProxy section */
		6060D09A2177D0950089B52D /* PBXContainerItemProxy */ = {
			isa = PBXContainerItemProxy;
			containerPortal = 60E2FC4020337D2800F3CBC6 /* Project object */;
			proxyType = 1;
			remoteGlobalIDString = 60E2FC4720337D2900F3CBC6;
			remoteInfo = AJMMemoryGame;
		};
/* End PBXContainerItemProxy section */

/* Begin PBXFileReference section */
		6060D08D2177C87C0089B52D /* Flippable.swift */ = {isa = PBXFileReference; lastKnownFileType = sourcecode.swift; path = Flippable.swift; sourceTree = "<group>"; };
		6060D0952177D0950089B52D /* AJMMemoryGameTests.xctest */ = {isa = PBXFileReference; explicitFileType = wrapper.cfbundle; includeInIndex = 0; path = AJMMemoryGameTests.xctest; sourceTree = BUILT_PRODUCTS_DIR; };
		6060D0972177D0950089B52D /* AJMMemoryGameTests.swift */ = {isa = PBXFileReference; lastKnownFileType = sourcecode.swift; path = AJMMemoryGameTests.swift; sourceTree = "<group>"; };
		6060D0992177D0950089B52D /* Info.plist */ = {isa = PBXFileReference; lastKnownFileType = text.plist.xml; path = Info.plist; sourceTree = "<group>"; };
		6060D09F2177D1660089B52D /* TestCell.swift */ = {isa = PBXFileReference; lastKnownFileType = sourcecode.swift; path = TestCell.swift; sourceTree = "<group>"; };
		6060D0A92178DF100089B52D /* HelperViewController.swift */ = {isa = PBXFileReference; lastKnownFileType = sourcecode.swift; path = HelperViewController.swift; sourceTree = "<group>"; };
		608732DE2176B7860053D170 /* MemoryGame.swift */ = {isa = PBXFileReference; lastKnownFileType = sourcecode.swift; path = MemoryGame.swift; sourceTree = "<group>"; };
		60E2FC4820337D2900F3CBC6 /* AJMMemoryGame.app */ = {isa = PBXFileReference; explicitFileType = wrapper.application; includeInIndex = 0; path = AJMMemoryGame.app; sourceTree = BUILT_PRODUCTS_DIR; };
		60E2FC4B20337D2900F3CBC6 /* AppDelegate.swift */ = {isa = PBXFileReference; lastKnownFileType = sourcecode.swift; path = AppDelegate.swift; sourceTree = "<group>"; };
		60E2FC4D20337D2900F3CBC6 /* ViewController.swift */ = {isa = PBXFileReference; lastKnownFileType = sourcecode.swift; path = ViewController.swift; sourceTree = "<group>"; };
		60E2FC5020337D2900F3CBC6 /* Base */ = {isa = PBXFileReference; lastKnownFileType = file.storyboard; name = Base; path = Base.lproj/Main.storyboard; sourceTree = "<group>"; };
		60E2FC5220337D2900F3CBC6 /* Assets.xcassets */ = {isa = PBXFileReference; lastKnownFileType = folder.assetcatalog; path = Assets.xcassets; sourceTree = "<group>"; };
		60E2FC5520337D2900F3CBC6 /* Base */ = {isa = PBXFileReference; lastKnownFileType = file.storyboard; name = Base; path = Base.lproj/LaunchScreen.storyboard; sourceTree = "<group>"; };
		60E2FC5720337D2900F3CBC6 /* Info.plist */ = {isa = PBXFileReference; lastKnownFileType = text.plist.xml; path = Info.plist; sourceTree = "<group>"; };
		60E2FC5D2033828D00F3CBC6 /* DogCollectionViewCell.swift */ = {isa = PBXFileReference; lastKnownFileType = sourcecode.swift; path = DogCollectionViewCell.swift; sourceTree = "<group>"; };
/* End PBXFileReference section */

/* Begin PBXFrameworksBuildPhase section */
		6060D0922177D0950089B52D /* Frameworks */ = {
			isa = PBXFrameworksBuildPhase;
			buildActionMask = 2147483647;
			files = (
			);
			runOnlyForDeploymentPostprocessing = 0;
		};
		60E2FC4520337D2900F3CBC6 /* Frameworks */ = {
			isa = PBXFrameworksBuildPhase;
			buildActionMask = 2147483647;
			files = (
			);
			runOnlyForDeploymentPostprocessing = 0;
		};
/* End PBXFrameworksBuildPhase section */

/* Begin PBXGroup section */
		6060D0962177D0950089B52D /* AJMMemoryGameTests */ = {
			isa = PBXGroup;
			children = (
				6060D0972177D0950089B52D /* AJMMemoryGameTests.swift */,
				6060D0992177D0950089B52D /* Info.plist */,
				6060D09F2177D1660089B52D /* TestCell.swift */,
			);
			path = AJMMemoryGameTests;
			sourceTree = "<group>";
		};
		60E2FC3F20337D2800F3CBC6 = {
			isa = PBXGroup;
			children = (
				60E2FC4A20337D2900F3CBC6 /* AJMMemoryGame */,
				6060D0962177D0950089B52D /* AJMMemoryGameTests */,
				60E2FC4920337D2900F3CBC6 /* Products */,
			);
			sourceTree = "<group>";
		};
		60E2FC4920337D2900F3CBC6 /* Products */ = {
			isa = PBXGroup;
			children = (
				60E2FC4820337D2900F3CBC6 /* AJMMemoryGame.app */,
				6060D0952177D0950089B52D /* AJMMemoryGameTests.xctest */,
			);
			name = Products;
			sourceTree = "<group>";
		};
		60E2FC4A20337D2900F3CBC6 /* AJMMemoryGame */ = {
			isa = PBXGroup;
			children = (
				60E2FC4B20337D2900F3CBC6 /* AppDelegate.swift */,
				60E2FC4D20337D2900F3CBC6 /* ViewController.swift */,
				60E2FC5D2033828D00F3CBC6 /* DogCollectionViewCell.swift */,
				60E2FC4F20337D2900F3CBC6 /* Main.storyboard */,
				60E2FC5220337D2900F3CBC6 /* Assets.xcassets */,
				60E2FC5420337D2900F3CBC6 /* LaunchScreen.storyboard */,
				60E2FC5720337D2900F3CBC6 /* Info.plist */,
				6060D08D2177C87C0089B52D /* Flippable.swift */,
				608732DE2176B7860053D170 /* MemoryGame.swift */,
				6060D0A92178DF100089B52D /* HelperViewController.swift */,
			);
			path = AJMMemoryGame;
			sourceTree = "<group>";
		};
/* End PBXGroup section */

/* Begin PBXNativeTarget section */
		6060D0942177D0950089B52D /* AJMMemoryGameTests */ = {
			isa = PBXNativeTarget;
			buildConfigurationList = 6060D09C2177D0950089B52D /* Build configuration list for PBXNativeTarget "AJMMemoryGameTests" */;
			buildPhases = (
				6060D0912177D0950089B52D /* Sources */,
				6060D0922177D0950089B52D /* Frameworks */,
				6060D0932177D0950089B52D /* Resources */,
			);
			buildRules = (
			);
			dependencies = (
				6060D09B2177D0950089B52D /* PBXTargetDependency */,
			);
			name = AJMMemoryGameTests;
			productName = AJMMemoryGameTests;
			productReference = 6060D0952177D0950089B52D /* AJMMemoryGameTests.xctest */;
			productType = "com.apple.product-type.bundle.unit-test";
		};
		60E2FC4720337D2900F3CBC6 /* AJMMemoryGame */ = {
			isa = PBXNativeTarget;
			buildConfigurationList = 60E2FC5A20337D2900F3CBC6 /* Build configuration list for PBXNativeTarget "AJMMemoryGame" */;
			buildPhases = (
				60E2FC4420337D2900F3CBC6 /* Sources */,
				60E2FC4520337D2900F3CBC6 /* Frameworks */,
				60E2FC4620337D2900F3CBC6 /* Resources */,
			);
			buildRules = (
			);
			dependencies = (
			);
			name = AJMMemoryGame;
			productName = AJMCellAnimator;
			productReference = 60E2FC4820337D2900F3CBC6 /* AJMMemoryGame.app */;
			productType = "com.apple.product-type.application";
		};
/* End PBXNativeTarget section */

/* Begin PBXProject section */
		60E2FC4020337D2800F3CBC6 /* Project object */ = {
			isa = PBXProject;
			attributes = {
				LastSwiftUpdateCheck = 1000;
				LastUpgradeCheck = 0920;
				ORGANIZATIONNAME = TheKairuz;
				TargetAttributes = {
					6060D0942177D0950089B52D = {
						CreatedOnToolsVersion = 10.0;
						ProvisioningStyle = Automatic;
						TestTargetID = 60E2FC4720337D2900F3CBC6;
					};
					60E2FC4720337D2900F3CBC6 = {
						CreatedOnToolsVersion = 9.2;
						ProvisioningStyle = Automatic;
					};
				};
			};
			buildConfigurationList = 60E2FC4320337D2800F3CBC6 /* Build configuration list for PBXProject "AJMMemoryGame" */;
			compatibilityVersion = "Xcode 8.0";
			developmentRegion = en;
			hasScannedForEncodings = 0;
			knownRegions = (
				en,
				Base,
			);
			mainGroup = 60E2FC3F20337D2800F3CBC6;
			productRefGroup = 60E2FC4920337D2900F3CBC6 /* Products */;
			projectDirPath = "";
			projectRoot = "";
			targets = (
				60E2FC4720337D2900F3CBC6 /* AJMMemoryGame */,
				6060D0942177D0950089B52D /* AJMMemoryGameTests */,
			);
		};
/* End PBXProject section */

/* Begin PBXResourcesBuildPhase section */
		6060D0932177D0950089B52D /* Resources */ = {
			isa = PBXResourcesBuildPhase;
			buildActionMask = 2147483647;
			files = (
			);
			runOnlyForDeploymentPostprocessing = 0;
		};
		60E2FC4620337D2900F3CBC6 /* Resources */ = {
			isa = PBXResourcesBuildPhase;
			buildActionMask = 2147483647;
			files = (
				60E2FC5620337D2900F3CBC6 /* LaunchScreen.storyboard in Resources */,
				60E2FC5320337D2900F3CBC6 /* Assets.xcassets in Resources */,
				60E2FC5120337D2900F3CBC6 /* Main.storyboard in Resources */,
			);
			runOnlyForDeploymentPostprocessing = 0;
		};
/* End PBXResourcesBuildPhase section */

/* Begin PBXSourcesBuildPhase section */
		6060D0912177D0950089B52D /* Sources */ = {
			isa = PBXSourcesBuildPhase;
			buildActionMask = 2147483647;
			files = (
				6060D0982177D0950089B52D /* AJMMemoryGameTests.swift in Sources */,
				6060D0A02177D1660089B52D /* TestCell.swift in Sources */,
			);
			runOnlyForDeploymentPostprocessing = 0;
		};
		60E2FC4420337D2900F3CBC6 /* Sources */ = {
			isa = PBXSourcesBuildPhase;
			buildActionMask = 2147483647;
			files = (
				6060D0AA2178DF100089B52D /* HelperViewController.swift in Sources */,
				6060D08E2177C87C0089B52D /* Flippable.swift in Sources */,
				60E2FC4E20337D2900F3CBC6 /* ViewController.swift in Sources */,
				60E2FC5E2033828D00F3CBC6 /* DogCollectionViewCell.swift in Sources */,
				608732DF2176B7860053D170 /* MemoryGame.swift in Sources */,
				60E2FC4C20337D2900F3CBC6 /* AppDelegate.swift in Sources */,
			);
			runOnlyForDeploymentPostprocessing = 0;
		};
/* End PBXSourcesBuildPhase section */

/* Begin PBXTargetDependency section */
		6060D09B2177D0950089B52D /* PBXTargetDependency */ = {
			isa = PBXTargetDependency;
			target = 60E2FC4720337D2900F3CBC6 /* AJMMemoryGame */;
			targetProxy = 6060D09A2177D0950089B52D /* PBXContainerItemProxy */;
		};
/* End PBXTargetDependency section */

/* Begin PBXVariantGroup section */
		60E2FC4F20337D2900F3CBC6 /* Main.storyboard */ = {
			isa = PBXVariantGroup;
			children = (
				60E2FC5020337D2900F3CBC6 /* Base */,
			);
			name = Main.storyboard;
			sourceTree = "<group>";
		};
		60E2FC5420337D2900F3CBC6 /* LaunchScreen.storyboard */ = {
			isa = PBXVariantGroup;
			children = (
				60E2FC5520337D2900F3CBC6 /* Base */,
			);
			name = LaunchScreen.storyboard;
			sourceTree = "<group>";
		};
/* End PBXVariantGroup section */

/* Begin XCBuildConfiguration section */
		6060D09D2177D0950089B52D /* Debug */ = {
			isa = XCBuildConfiguration;
			buildSettings = {
				BUNDLE_LOADER = "$(TEST_HOST)";
				CLANG_ENABLE_OBJC_WEAK = YES;
				CLANG_WARN_DEPRECATED_OBJC_IMPLEMENTATIONS = YES;
				CLANG_WARN_OBJC_IMPLICIT_RETAIN_SELF = YES;
				CODE_SIGN_STYLE = Automatic;
				INFOPLIST_FILE = AJMMemoryGameTests/Info.plist;
				IPHONEOS_DEPLOYMENT_TARGET = 12.0;
				LD_RUNPATH_SEARCH_PATHS = "$(inherited) @executable_path/Frameworks @loader_path/Frameworks";
				MTL_ENABLE_DEBUG_INFO = INCLUDE_SOURCE;
				MTL_FAST_MATH = YES;
				PRODUCT_BUNDLE_IDENTIFIER = com.thekairuz.AJMMemoryGameTests;
				PRODUCT_NAME = "$(TARGET_NAME)";
				SWIFT_VERSION = 4.2;
				TARGETED_DEVICE_FAMILY = "1,2";
				TEST_HOST = "$(BUILT_PRODUCTS_DIR)/AJMMemoryGame.app/AJMMemoryGame";
			};
			name = Debug;
		};
		6060D09E2177D0950089B52D /* Release */ = {
			isa = XCBuildConfiguration;
			buildSettings = {
				BUNDLE_LOADER = "$(TEST_HOST)";
				CLANG_ENABLE_OBJC_WEAK = YES;
				CLANG_WARN_DEPRECATED_OBJC_IMPLEMENTATIONS = YES;
				CLANG_WARN_OBJC_IMPLICIT_RETAIN_SELF = YES;
				CODE_SIGN_STYLE = Automatic;
				INFOPLIST_FILE = AJMMemoryGameTests/Info.plist;
				IPHONEOS_DEPLOYMENT_TARGET = 12.0;
				LD_RUNPATH_SEARCH_PATHS = "$(inherited) @executable_path/Frameworks @loader_path/Frameworks";
				MTL_FAST_MATH = YES;
				PRODUCT_BUNDLE_IDENTIFIER = com.thekairuz.AJMMemoryGameTests;
				PRODUCT_NAME = "$(TARGET_NAME)";
				SWIFT_VERSION = 4.2;
				TARGETED_DEVICE_FAMILY = "1,2";
				TEST_HOST = "$(BUILT_PRODUCTS_DIR)/AJMMemoryGame.app/AJMMemoryGame";
			};
			name = Release;
		};
		60E2FC5820337D2900F3CBC6 /* Debug */ = {
			isa = XCBuildConfiguration;
			buildSettings = {
				ALWAYS_SEARCH_USER_PATHS = NO;
				CLANG_ANALYZER_NONNULL = YES;
				CLANG_ANALYZER_NUMBER_OBJECT_CONVERSION = YES_AGGRESSIVE;
				CLANG_CXX_LANGUAGE_STANDARD = "gnu++14";
				CLANG_CXX_LIBRARY = "libc++";
				CLANG_ENABLE_MODULES = YES;
				CLANG_ENABLE_OBJC_ARC = YES;
				CLANG_WARN_BLOCK_CAPTURE_AUTORELEASING = YES;
				CLANG_WARN_BOOL_CONVERSION = YES;
				CLANG_WARN_COMMA = YES;
				CLANG_WARN_CONSTANT_CONVERSION = YES;
				CLANG_WARN_DIRECT_OBJC_ISA_USAGE = YES_ERROR;
				CLANG_WARN_DOCUMENTATION_COMMENTS = YES;
				CLANG_WARN_EMPTY_BODY = YES;
				CLANG_WARN_ENUM_CONVERSION = YES;
				CLANG_WARN_INFINITE_RECURSION = YES;
				CLANG_WARN_INT_CONVERSION = YES;
				CLANG_WARN_NON_LITERAL_NULL_CONVERSION = YES;
				CLANG_WARN_OBJC_LITERAL_CONVERSION = YES;
				CLANG_WARN_OBJC_ROOT_CLASS = YES_ERROR;
				CLANG_WARN_RANGE_LOOP_ANALYSIS = YES;
				CLANG_WARN_STRICT_PROTOTYPES = YES;
				CLANG_WARN_SUSPICIOUS_MOVE = YES;
				CLANG_WARN_UNGUARDED_AVAILABILITY = YES_AGGRESSIVE;
				CLANG_WARN_UNREACHABLE_CODE = YES;
				CLANG_WARN__DUPLICATE_METHOD_MATCH = YES;
				CODE_SIGN_IDENTITY = "iPhone Developer";
				COPY_PHASE_STRIP = NO;
				DEBUG_INFORMATION_FORMAT = dwarf;
				ENABLE_STRICT_OBJC_MSGSEND = YES;
				ENABLE_TESTABILITY = YES;
				GCC_C_LANGUAGE_STANDARD = gnu11;
				GCC_DYNAMIC_NO_PIC = NO;
				GCC_NO_COMMON_BLOCKS = YES;
				GCC_OPTIMIZATION_LEVEL = 0;
				GCC_PREPROCESSOR_DEFINITIONS = (
					"DEBUG=1",
					"$(inherited)",
				);
				GCC_WARN_64_TO_32_BIT_CONVERSION = YES;
				GCC_WARN_ABOUT_RETURN_TYPE = YES_ERROR;
				GCC_WARN_UNDECLARED_SELECTOR = YES;
				GCC_WARN_UNINITIALIZED_AUTOS = YES_AGGRESSIVE;
				GCC_WARN_UNUSED_FUNCTION = YES;
				GCC_WARN_UNUSED_VARIABLE = YES;
				IPHONEOS_DEPLOYMENT_TARGET = 11.2;
				MTL_ENABLE_DEBUG_INFO = YES;
				ONLY_ACTIVE_ARCH = YES;
				SDKROOT = iphoneos;
				SWIFT_ACTIVE_COMPILATION_CONDITIONS = DEBUG;
				SWIFT_OPTIMIZATION_LEVEL = "-Onone";
			};
			name = Debug;
		};
		60E2FC5920337D2900F3CBC6 /* Release */ = {
			isa = XCBuildConfiguration;
			buildSettings = {
				ALWAYS_SEARCH_USER_PATHS = NO;
				CLANG_ANALYZER_NONNULL = YES;
				CLANG_ANALYZER_NUMBER_OBJECT_CONVERSION = YES_AGGRESSIVE;
				CLANG_CXX_LANGUAGE_STANDARD = "gnu++14";
				CLANG_CXX_LIBRARY = "libc++";
				CLANG_ENABLE_MODULES = YES;
				CLANG_ENABLE_OBJC_ARC = YES;
				CLANG_WARN_BLOCK_CAPTURE_AUTORELEASING = YES;
				CLANG_WARN_BOOL_CONVERSION = YES;
				CLANG_WARN_COMMA = YES;
				CLANG_WARN_CONSTANT_CONVERSION = YES;
				CLANG_WARN_DIRECT_OBJC_ISA_USAGE = YES_ERROR;
				CLANG_WARN_DOCUMENTATION_COMMENTS = YES;
				CLANG_WARN_EMPTY_BODY = YES;
				CLANG_WARN_ENUM_CONVERSION = YES;
				CLANG_WARN_INFINITE_RECURSION = YES;
				CLANG_WARN_INT_CONVERSION = YES;
				CLANG_WARN_NON_LITERAL_NULL_CONVERSION = YES;
				CLANG_WARN_OBJC_LITERAL_CONVERSION = YES;
				CLANG_WARN_OBJC_ROOT_CLASS = YES_ERROR;
				CLANG_WARN_RANGE_LOOP_ANALYSIS = YES;
				CLANG_WARN_STRICT_PROTOTYPES = YES;
				CLANG_WARN_SUSPICIOUS_MOVE = YES;
				CLANG_WARN_UNGUARDED_AVAILABILITY = YES_AGGRESSIVE;
				CLANG_WARN_UNREACHABLE_CODE = YES;
				CLANG_WARN__DUPLICATE_METHOD_MATCH = YES;
				CODE_SIGN_IDENTITY = "iPhone Developer";
				COPY_PHASE_STRIP = NO;
				DEBUG_INFORMATION_FORMAT = "dwarf-with-dsym";
				ENABLE_NS_ASSERTIONS = NO;
				ENABLE_STRICT_OBJC_MSGSEND = YES;
				GCC_C_LANGUAGE_STANDARD = gnu11;
				GCC_NO_COMMON_BLOCKS = YES;
				GCC_WARN_64_TO_32_BIT_CONVERSION = YES;
				GCC_WARN_ABOUT_RETURN_TYPE = YES_ERROR;
				GCC_WARN_UNDECLARED_SELECTOR = YES;
				GCC_WARN_UNINITIALIZED_AUTOS = YES_AGGRESSIVE;
				GCC_WARN_UNUSED_FUNCTION = YES;
				GCC_WARN_UNUSED_VARIABLE = YES;
				IPHONEOS_DEPLOYMENT_TARGET = 11.2;
				MTL_ENABLE_DEBUG_INFO = NO;
				SDKROOT = iphoneos;
				SWIFT_OPTIMIZATION_LEVEL = "-Owholemodule";
				VALIDATE_PRODUCT = YES;
			};
			name = Release;
		};
		60E2FC5B20337D2900F3CBC6 /* Debug */ = {
			isa = XCBuildConfiguration;
			buildSettings = {
				ASSETCATALOG_COMPILER_APPICON_NAME = AppIcon;
				CODE_SIGN_STYLE = Automatic;
				DEVELOPMENT_TEAM = U4J2U6VS3H;
				INFOPLIST_FILE = AJMMemoryGame/Info.plist;
				LD_RUNPATH_SEARCH_PATHS = "$(inherited) @executable_path/Frameworks";
				PRODUCT_BUNDLE_IDENTIFIER = com.thekairuz.AJMCellAnimator;
				PRODUCT_NAME = "$(TARGET_NAME)";
				SWIFT_VERSION = 4.0;
				TARGETED_DEVICE_FAMILY = "1,2";
			};
			name = Debug;
		};
		60E2FC5C20337D2900F3CBC6 /* Release */ = {
			isa = XCBuildConfiguration;
			buildSettings = {
				ASSETCATALOG_COMPILER_APPICON_NAME = AppIcon;
				CODE_SIGN_STYLE = Automatic;
				DEVELOPMENT_TEAM = U4J2U6VS3H;
				INFOPLIST_FILE = AJMMemoryGame/Info.plist;
				LD_RUNPATH_SEARCH_PATHS = "$(inherited) @executable_path/Frameworks";
				PRODUCT_BUNDLE_IDENTIFIER = com.thekairuz.AJMCellAnimator;
				PRODUCT_NAME = "$(TARGET_NAME)";
				SWIFT_VERSION = 4.0;
				TARGETED_DEVICE_FAMILY = "1,2";
			};
			name = Release;
		};
/* End XCBuildConfiguration section */

/* Begin XCConfigurationList section */
		6060D09C2177D0950089B52D /* Build configuration list for PBXNativeTarget "AJMMemoryGameTests" */ = {
			isa = XCConfigurationList;
			buildConfigurations = (
				6060D09D2177D0950089B52D /* Debug */,
				6060D09E2177D0950089B52D /* Release */,
			);
			defaultConfigurationIsVisible = 0;
			defaultConfigurationName = Release;
		};
		60E2FC4320337D2800F3CBC6 /* Build configuration list for PBXProject "AJMMemoryGame" */ = {
			isa = XCConfigurationList;
			buildConfigurations = (
				60E2FC5820337D2900F3CBC6 /* Debug */,
				60E2FC5920337D2900F3CBC6 /* Release */,
			);
			defaultConfigurationIsVisible = 0;
			defaultConfigurationName = Release;
		};
		60E2FC5A20337D2900F3CBC6 /* Build configuration list for PBXNativeTarget "AJMMemoryGame" */ = {
			isa = XCConfigurationList;
			buildConfigurations = (
				60E2FC5B20337D2900F3CBC6 /* Debug */,
				60E2FC5C20337D2900F3CBC6 /* Release */,
			);
			defaultConfigurationIsVisible = 0;
			defaultConfigurationName = Release;
		};
/* End XCConfigurationList section */
	};
	rootObject = 60E2FC4020337D2800F3CBC6 /* Project object */;
}
